// !$*UTF8*$!
{
	archiveVersion = 1;
	classes = {
	};
	objectVersion = 46;
	objects = {

/* Begin PBXBuildFile section */
		B6BC066E1AC213770004B20E /* menu_back.png in Resources */ = {isa = PBXBuildFile; fileRef = B6BC066D1AC213770004B20E /* menu_back.png */; };
		B6BC06701AC214A90004B20E /* home_back.png in Resources */ = {isa = PBXBuildFile; fileRef = B6BC066F1AC214A90004B20E /* home_back.png */; };
		B6BC06801AC21EB40004B20E /* NSObject+SBJSON.m in Sources */ = {isa = PBXBuildFile; fileRef = B6BC06751AC21EB40004B20E /* NSObject+SBJSON.m */; settings = {COMPILER_FLAGS = "-fno-objc-arc"; }; };
		B6BC06811AC21EB40004B20E /* NSString+SBJSON.m in Sources */ = {isa = PBXBuildFile; fileRef = B6BC06771AC21EB40004B20E /* NSString+SBJSON.m */; settings = {COMPILER_FLAGS = "-fno-objc-arc"; }; };
		B6BC06821AC21EB40004B20E /* SBJSON.m in Sources */ = {isa = PBXBuildFile; fileRef = B6BC06791AC21EB40004B20E /* SBJSON.m */; settings = {COMPILER_FLAGS = "-fno-objc-arc"; }; };
		B6BC06831AC21EB40004B20E /* SBJsonBase.m in Sources */ = {isa = PBXBuildFile; fileRef = B6BC067B1AC21EB40004B20E /* SBJsonBase.m */; settings = {COMPILER_FLAGS = "-fno-objc-arc"; }; };
		B6BC06841AC21EB40004B20E /* SBJsonParser.m in Sources */ = {isa = PBXBuildFile; fileRef = B6BC067D1AC21EB40004B20E /* SBJsonParser.m */; settings = {COMPILER_FLAGS = "-fno-objc-arc"; }; };
		B6BC06851AC21EB40004B20E /* SBJsonWriter.m in Sources */ = {isa = PBXBuildFile; fileRef = B6BC067F1AC21EB40004B20E /* SBJsonWriter.m */; settings = {COMPILER_FLAGS = "-fno-objc-arc"; }; };
		B6BC068C1AC2373D0004B20E /* ITQuestionHolder.m in Sources */ = {isa = PBXBuildFile; fileRef = B6BC068B1AC2373D0004B20E /* ITQuestionHolder.m */; };
		B6BC06901AC247580004B20E /* icon.png in Resources */ = {isa = PBXBuildFile; fileRef = B6BC068F1AC247580004B20E /* icon.png */; };
		B6CF6D181ABDD4A4003182C2 /* RECommonFunctions.m in Sources */ = {isa = PBXBuildFile; fileRef = B6CF6D131ABDD4A4003182C2 /* RECommonFunctions.m */; };
		B6CF6D191ABDD4A4003182C2 /* RESideMenu.m in Sources */ = {isa = PBXBuildFile; fileRef = B6CF6D151ABDD4A4003182C2 /* RESideMenu.m */; };
		B6CF6D1A1ABDD4A4003182C2 /* UIViewController+RESideMenu.m in Sources */ = {isa = PBXBuildFile; fileRef = B6CF6D171ABDD4A4003182C2 /* UIViewController+RESideMenu.m */; };
		B6CF6D201ABDD50C003182C2 /* ITRootVC.m in Sources */ = {isa = PBXBuildFile; fileRef = B6CF6D1F1ABDD50C003182C2 /* ITRootVC.m */; };
		B6CF6D231ABDD5CB003182C2 /* ITHomeVC.m in Sources */ = {isa = PBXBuildFile; fileRef = B6CF6D221ABDD5CB003182C2 /* ITHomeVC.m */; };
		B6CF6D261ABDD640003182C2 /* ITLeftMenuVC.m in Sources */ = {isa = PBXBuildFile; fileRef = B6CF6D251ABDD640003182C2 /* ITLeftMenuVC.m */; };
		B6CF6D291ABDD64E003182C2 /* ITRightMenuVC.m in Sources */ = {isa = PBXBuildFile; fileRef = B6CF6D281ABDD64E003182C2 /* ITRightMenuVC.m */; };
		B6ED76EB1ABDC6CD0043D072 /* main.m in Sources */ = {isa = PBXBuildFile; fileRef = B6ED76EA1ABDC6CD0043D072 /* main.m */; };
		B6ED76EE1ABDC6CD0043D072 /* AppDelegate.m in Sources */ = {isa = PBXBuildFile; fileRef = B6ED76ED1ABDC6CD0043D072 /* AppDelegate.m */; };
		B6ED76F11ABDC6CD0043D072 /* interview.xcdatamodeld in Sources */ = {isa = PBXBuildFile; fileRef = B6ED76EF1ABDC6CD0043D072 /* interview.xcdatamodeld */; };
		B6ED76F71ABDC6CD0043D072 /* Main.storyboard in Resources */ = {isa = PBXBuildFile; fileRef = B6ED76F51ABDC6CD0043D072 /* Main.storyboard */; };
		B6ED76F91ABDC6CD0043D072 /* Images.xcassets in Resources */ = {isa = PBXBuildFile; fileRef = B6ED76F81ABDC6CD0043D072 /* Images.xcassets */; };
		B6ED76FC1ABDC6CD0043D072 /* LaunchScreen.xib in Resources */ = {isa = PBXBuildFile; fileRef = B6ED76FA1ABDC6CD0043D072 /* LaunchScreen.xib */; };
		B6ED77081ABDC6CD0043D072 /* interviewTests.m in Sources */ = {isa = PBXBuildFile; fileRef = B6ED77071ABDC6CD0043D072 /* interviewTests.m */; };
/* End PBXBuildFile section */

/* Begin PBXContainerItemProxy section */
		B6ED77021ABDC6CD0043D072 /* PBXContainerItemProxy */ = {
			isa = PBXContainerItemProxy;
			containerPortal = B6ED76DD1ABDC6CD0043D072 /* Project object */;
			proxyType = 1;
			remoteGlobalIDString = B6ED76E41ABDC6CD0043D072;
			remoteInfo = interview;
		};
/* End PBXContainerItemProxy section */

/* Begin PBXFileReference section */
		B6BC066D1AC213770004B20E /* menu_back.png */ = {isa = PBXFileReference; lastKnownFileType = image.png; path = menu_back.png; sourceTree = "<group>"; };
		B6BC066F1AC214A90004B20E /* home_back.png */ = {isa = PBXFileReference; lastKnownFileType = image.png; path = home_back.png; sourceTree = "<group>"; };
		B6BC06731AC21EB40004B20E /* JSON.h */ = {isa = PBXFileReference; fileEncoding = 4; lastKnownFileType = sourcecode.c.h; path = JSON.h; sourceTree = "<group>"; };
		B6BC06741AC21EB40004B20E /* NSObject+SBJSON.h */ = {isa = PBXFileReference; fileEncoding = 4; lastKnownFileType = sourcecode.c.h; path = "NSObject+SBJSON.h"; sourceTree = "<group>"; };
		B6BC06751AC21EB40004B20E /* NSObject+SBJSON.m */ = {isa = PBXFileReference; fileEncoding = 4; lastKnownFileType = sourcecode.c.objc; path = "NSObject+SBJSON.m"; sourceTree = "<group>"; };
		B6BC06761AC21EB40004B20E /* NSString+SBJSON.h */ = {isa = PBXFileReference; fileEncoding = 4; lastKnownFileType = sourcecode.c.h; path = "NSString+SBJSON.h"; sourceTree = "<group>"; };
		B6BC06771AC21EB40004B20E /* NSString+SBJSON.m */ = {isa = PBXFileReference; fileEncoding = 4; lastKnownFileType = sourcecode.c.objc; path = "NSString+SBJSON.m"; sourceTree = "<group>"; };
		B6BC06781AC21EB40004B20E /* SBJSON.h */ = {isa = PBXFileReference; fileEncoding = 4; lastKnownFileType = sourcecode.c.h; path = SBJSON.h; sourceTree = "<group>"; };
		B6BC06791AC21EB40004B20E /* SBJSON.m */ = {isa = PBXFileReference; fileEncoding = 4; lastKnownFileType = sourcecode.c.objc; path = SBJSON.m; sourceTree = "<group>"; };
		B6BC067A1AC21EB40004B20E /* SBJsonBase.h */ = {isa = PBXFileReference; fileEncoding = 4; lastKnownFileType = sourcecode.c.h; path = SBJsonBase.h; sourceTree = "<group>"; };
		B6BC067B1AC21EB40004B20E /* SBJsonBase.m */ = {isa = PBXFileReference; fileEncoding = 4; lastKnownFileType = sourcecode.c.objc; path = SBJsonBase.m; sourceTree = "<group>"; };
		B6BC067C1AC21EB40004B20E /* SBJsonParser.h */ = {isa = PBXFileReference; fileEncoding = 4; lastKnownFileType = sourcecode.c.h; path = SBJsonParser.h; sourceTree = "<group>"; };
		B6BC067D1AC21EB40004B20E /* SBJsonParser.m */ = {isa = PBXFileReference; fileEncoding = 4; lastKnownFileType = sourcecode.c.objc; path = SBJsonParser.m; sourceTree = "<group>"; };
		B6BC067E1AC21EB40004B20E /* SBJsonWriter.h */ = {isa = PBXFileReference; fileEncoding = 4; lastKnownFileType = sourcecode.c.h; path = SBJsonWriter.h; sourceTree = "<group>"; };
		B6BC067F1AC21EB40004B20E /* SBJsonWriter.m */ = {isa = PBXFileReference; fileEncoding = 4; lastKnownFileType = sourcecode.c.objc; path = SBJsonWriter.m; sourceTree = "<group>"; };
		B6BC06861AC2347D0004B20E /* PrefixHeader.pch */ = {isa = PBXFileReference; lastKnownFileType = sourcecode.c.h; path = PrefixHeader.pch; sourceTree = "<group>"; };
		B6BC06881AC234A30004B20E /* constant.h */ = {isa = PBXFileReference; lastKnownFileType = sourcecode.c.h; path = constant.h; sourceTree = "<group>"; };
		B6BC068A1AC2373D0004B20E /* ITQuestionHolder.h */ = {isa = PBXFileReference; fileEncoding = 4; lastKnownFileType = sourcecode.c.h; path = ITQuestionHolder.h; sourceTree = "<group>"; };
		B6BC068B1AC2373D0004B20E /* ITQuestionHolder.m */ = {isa = PBXFileReference; fileEncoding = 4; lastKnownFileType = sourcecode.c.objc; path = ITQuestionHolder.m; sourceTree = "<group>"; };
		B6BC068F1AC247580004B20E /* icon.png */ = {isa = PBXFileReference; lastKnownFileType = image.png; path = icon.png; sourceTree = "<group>"; };
		B6CF6D121ABDD4A4003182C2 /* RECommonFunctions.h */ = {isa = PBXFileReference; fileEncoding = 4; lastKnownFileType = sourcecode.c.h; path = RECommonFunctions.h; sourceTree = "<group>"; };
		B6CF6D131ABDD4A4003182C2 /* RECommonFunctions.m */ = {isa = PBXFileReference; fileEncoding = 4; lastKnownFileType = sourcecode.c.objc; path = RECommonFunctions.m; sourceTree = "<group>"; };
		B6CF6D141ABDD4A4003182C2 /* RESideMenu.h */ = {isa = PBXFileReference; fileEncoding = 4; lastKnownFileType = sourcecode.c.h; path = RESideMenu.h; sourceTree = "<group>"; };
		B6CF6D151ABDD4A4003182C2 /* RESideMenu.m */ = {isa = PBXFileReference; fileEncoding = 4; lastKnownFileType = sourcecode.c.objc; path = RESideMenu.m; sourceTree = "<group>"; };
		B6CF6D161ABDD4A4003182C2 /* UIViewController+RESideMenu.h */ = {isa = PBXFileReference; fileEncoding = 4; lastKnownFileType = sourcecode.c.h; path = "UIViewController+RESideMenu.h"; sourceTree = "<group>"; };
		B6CF6D171ABDD4A4003182C2 /* UIViewController+RESideMenu.m */ = {isa = PBXFileReference; fileEncoding = 4; lastKnownFileType = sourcecode.c.objc; path = "UIViewController+RESideMenu.m"; sourceTree = "<group>"; };
		B6CF6D1E1ABDD50C003182C2 /* ITRootVC.h */ = {isa = PBXFileReference; fileEncoding = 4; lastKnownFileType = sourcecode.c.h; path = ITRootVC.h; sourceTree = "<group>"; };
		B6CF6D1F1ABDD50C003182C2 /* ITRootVC.m */ = {isa = PBXFileReference; fileEncoding = 4; lastKnownFileType = sourcecode.c.objc; path = ITRootVC.m; sourceTree = "<group>"; };
		B6CF6D211ABDD5CB003182C2 /* ITHomeVC.h */ = {isa = PBXFileReference; fileEncoding = 4; lastKnownFileType = sourcecode.c.h; path = ITHomeVC.h; sourceTree = "<group>"; };
		B6CF6D221ABDD5CB003182C2 /* ITHomeVC.m */ = {isa = PBXFileReference; fileEncoding = 4; lastKnownFileType = sourcecode.c.objc; path = ITHomeVC.m; sourceTree = "<group>"; };
		B6CF6D241ABDD640003182C2 /* ITLeftMenuVC.h */ = {isa = PBXFileReference; fileEncoding = 4; lastKnownFileType = sourcecode.c.h; path = ITLeftMenuVC.h; sourceTree = "<group>"; };
		B6CF6D251ABDD640003182C2 /* ITLeftMenuVC.m */ = {isa = PBXFileReference; fileEncoding = 4; lastKnownFileType = sourcecode.c.objc; path = ITLeftMenuVC.m; sourceTree = "<group>"; };
		B6CF6D271ABDD64E003182C2 /* ITRightMenuVC.h */ = {isa = PBXFileReference; fileEncoding = 4; lastKnownFileType = sourcecode.c.h; path = ITRightMenuVC.h; sourceTree = "<group>"; };
		B6CF6D281ABDD64E003182C2 /* ITRightMenuVC.m */ = {isa = PBXFileReference; fileEncoding = 4; lastKnownFileType = sourcecode.c.objc; path = ITRightMenuVC.m; sourceTree = "<group>"; };
		B6ED76E51ABDC6CD0043D072 /* interview.app */ = {isa = PBXFileReference; explicitFileType = wrapper.application; includeInIndex = 0; path = interview.app; sourceTree = BUILT_PRODUCTS_DIR; };
		B6ED76E91ABDC6CD0043D072 /* Info.plist */ = {isa = PBXFileReference; lastKnownFileType = text.plist.xml; path = Info.plist; sourceTree = "<group>"; };
		B6ED76EA1ABDC6CD0043D072 /* main.m */ = {isa = PBXFileReference; lastKnownFileType = sourcecode.c.objc; path = main.m; sourceTree = "<group>"; };
		B6ED76EC1ABDC6CD0043D072 /* AppDelegate.h */ = {isa = PBXFileReference; lastKnownFileType = sourcecode.c.h; path = AppDelegate.h; sourceTree = "<group>"; };
		B6ED76ED1ABDC6CD0043D072 /* AppDelegate.m */ = {isa = PBXFileReference; lastKnownFileType = sourcecode.c.objc; path = AppDelegate.m; sourceTree = "<group>"; };
		B6ED76F01ABDC6CD0043D072 /* interview.xcdatamodel */ = {isa = PBXFileReference; lastKnownFileType = wrapper.xcdatamodel; path = interview.xcdatamodel; sourceTree = "<group>"; };
		B6ED76F61ABDC6CD0043D072 /* Base */ = {isa = PBXFileReference; lastKnownFileType = file.storyboard; name = Base; path = Base.lproj/Main.storyboard; sourceTree = "<group>"; };
		B6ED76F81ABDC6CD0043D072 /* Images.xcassets */ = {isa = PBXFileReference; lastKnownFileType = folder.assetcatalog; path = Images.xcassets; sourceTree = "<group>"; };
		B6ED76FB1ABDC6CD0043D072 /* Base */ = {isa = PBXFileReference; lastKnownFileType = file.xib; name = Base; path = Base.lproj/LaunchScreen.xib; sourceTree = "<group>"; };
		B6ED77011ABDC6CD0043D072 /* interviewTests.xctest */ = {isa = PBXFileReference; explicitFileType = wrapper.cfbundle; includeInIndex = 0; path = interviewTests.xctest; sourceTree = BUILT_PRODUCTS_DIR; };
		B6ED77061ABDC6CD0043D072 /* Info.plist */ = {isa = PBXFileReference; lastKnownFileType = text.plist.xml; path = Info.plist; sourceTree = "<group>"; };
		B6ED77071ABDC6CD0043D072 /* interviewTests.m */ = {isa = PBXFileReference; lastKnownFileType = sourcecode.c.objc; path = interviewTests.m; sourceTree = "<group>"; };
/* End PBXFileReference section */

/* Begin PBXFrameworksBuildPhase section */
		B6ED76E21ABDC6CD0043D072 /* Frameworks */ = {
			isa = PBXFrameworksBuildPhase;
			buildActionMask = 2147483647;
			files = (
			);
			runOnlyForDeploymentPostprocessing = 0;
		};
		B6ED76FE1ABDC6CD0043D072 /* Frameworks */ = {
			isa = PBXFrameworksBuildPhase;
			buildActionMask = 2147483647;
			files = (
			);
			runOnlyForDeploymentPostprocessing = 0;
		};
/* End PBXFrameworksBuildPhase section */

/* Begin PBXGroup section */
		B6BC06651AC20EDC0004B20E /* AppResource */ = {
			isa = PBXGroup;
			children = (
				B6BC068F1AC247580004B20E /* icon.png */,
				B6BC06661AC20EE70004B20E /* Background */,
			);
			name = AppResource;
			sourceTree = "<group>";
		};
		B6BC06661AC20EE70004B20E /* Background */ = {
			isa = PBXGroup;
			children = (
				B6BC066F1AC214A90004B20E /* home_back.png */,
				B6BC066D1AC213770004B20E /* menu_back.png */,
			);
			name = Background;
			sourceTree = "<group>";
		};
		B6BC06721AC21E6B0004B20E /* JSON */ = {
			isa = PBXGroup;
			children = (
				B6BC06731AC21EB40004B20E /* JSON.h */,
				B6BC06741AC21EB40004B20E /* NSObject+SBJSON.h */,
				B6BC06751AC21EB40004B20E /* NSObject+SBJSON.m */,
				B6BC06761AC21EB40004B20E /* NSString+SBJSON.h */,
				B6BC06771AC21EB40004B20E /* NSString+SBJSON.m */,
				B6BC06781AC21EB40004B20E /* SBJSON.h */,
				B6BC06791AC21EB40004B20E /* SBJSON.m */,
				B6BC067A1AC21EB40004B20E /* SBJsonBase.h */,
				B6BC067B1AC21EB40004B20E /* SBJsonBase.m */,
				B6BC067C1AC21EB40004B20E /* SBJsonParser.h */,
				B6BC067D1AC21EB40004B20E /* SBJsonParser.m */,
				B6BC067E1AC21EB40004B20E /* SBJsonWriter.h */,
				B6BC067F1AC21EB40004B20E /* SBJsonWriter.m */,
			);
			name = JSON;
			sourceTree = "<group>";
		};
		B6BC06871AC234910004B20E /* AppUtility */ = {
			isa = PBXGroup;
			children = (
				B6BC06881AC234A30004B20E /* constant.h */,
			);
			name = AppUtility;
			sourceTree = "<group>";
		};
		B6BC06891AC237130004B20E /* AppDataModel */ = {
			isa = PBXGroup;
			children = (
				B6ED76EF1ABDC6CD0043D072 /* interview.xcdatamodeld */,
				B6BC068A1AC2373D0004B20E /* ITQuestionHolder.h */,
				B6BC068B1AC2373D0004B20E /* ITQuestionHolder.m */,
			);
			name = AppDataModel;
			sourceTree = "<group>";
		};
		B6CF6D111ABDD4A4003182C2 /* RESideMenu */ = {
			isa = PBXGroup;
			children = (
				B6CF6D121ABDD4A4003182C2 /* RECommonFunctions.h */,
				B6CF6D131ABDD4A4003182C2 /* RECommonFunctions.m */,
				B6CF6D141ABDD4A4003182C2 /* RESideMenu.h */,
				B6CF6D151ABDD4A4003182C2 /* RESideMenu.m */,
				B6CF6D161ABDD4A4003182C2 /* UIViewController+RESideMenu.h */,
				B6CF6D171ABDD4A4003182C2 /* UIViewController+RESideMenu.m */,
			);
			path = RESideMenu;
			sourceTree = "<group>";
		};
		B6CF6D1B1ABDD4AA003182C2 /* AppExternal */ = {
			isa = PBXGroup;
			children = (
				B6BC06721AC21E6B0004B20E /* JSON */,
				B6CF6D111ABDD4A4003182C2 /* RESideMenu */,
			);
			name = AppExternal;
			sourceTree = "<group>";
		};
		B6CF6D1C1ABDD4E5003182C2 /* AppViewController */ = {
			isa = PBXGroup;
			children = (
				B6CF6D1D1ABDD4F1003182C2 /* logic */,
			);
			name = AppViewController;
			sourceTree = "<group>";
		};
		B6CF6D1D1ABDD4F1003182C2 /* logic */ = {
			isa = PBXGroup;
			children = (
				B6CF6D1E1ABDD50C003182C2 /* ITRootVC.h */,
				B6CF6D1F1ABDD50C003182C2 /* ITRootVC.m */,
				B6CF6D211ABDD5CB003182C2 /* ITHomeVC.h */,
				B6CF6D221ABDD5CB003182C2 /* ITHomeVC.m */,
				B6CF6D241ABDD640003182C2 /* ITLeftMenuVC.h */,
				B6CF6D251ABDD640003182C2 /* ITLeftMenuVC.m */,
				B6CF6D271ABDD64E003182C2 /* ITRightMenuVC.h */,
				B6CF6D281ABDD64E003182C2 /* ITRightMenuVC.m */,
			);
			name = logic;
			sourceTree = "<group>";
		};
		B6ED76DC1ABDC6CD0043D072 = {
			isa = PBXGroup;
			children = (
				B6ED76E71ABDC6CD0043D072 /* interview */,
				B6ED77041ABDC6CD0043D072 /* interviewTests */,
				B6ED76E61ABDC6CD0043D072 /* Products */,
			);
			sourceTree = "<group>";
		};
		B6ED76E61ABDC6CD0043D072 /* Products */ = {
			isa = PBXGroup;
			children = (
				B6ED76E51ABDC6CD0043D072 /* interview.app */,
				B6ED77011ABDC6CD0043D072 /* interviewTests.xctest */,
			);
			name = Products;
			sourceTree = "<group>";
		};
		B6ED76E71ABDC6CD0043D072 /* interview */ = {
			isa = PBXGroup;
			children = (
				B6BC06891AC237130004B20E /* AppDataModel */,
				B6BC06871AC234910004B20E /* AppUtility */,
				B6BC06651AC20EDC0004B20E /* AppResource */,
				B6CF6D1C1ABDD4E5003182C2 /* AppViewController */,
				B6CF6D1B1ABDD4AA003182C2 /* AppExternal */,
				B6ED76EC1ABDC6CD0043D072 /* AppDelegate.h */,
				B6ED76ED1ABDC6CD0043D072 /* AppDelegate.m */,
				B6ED76F51ABDC6CD0043D072 /* Main.storyboard */,
				B6ED76F81ABDC6CD0043D072 /* Images.xcassets */,
				B6ED76FA1ABDC6CD0043D072 /* LaunchScreen.xib */,
				B6ED76E81ABDC6CD0043D072 /* Supporting Files */,
			);
			path = interview;
			sourceTree = "<group>";
		};
		B6ED76E81ABDC6CD0043D072 /* Supporting Files */ = {
			isa = PBXGroup;
			children = (
				B6ED76E91ABDC6CD0043D072 /* Info.plist */,
				B6ED76EA1ABDC6CD0043D072 /* main.m */,
				B6BC06861AC2347D0004B20E /* PrefixHeader.pch */,
			);
			name = "Supporting Files";
			sourceTree = "<group>";
		};
		B6ED77041ABDC6CD0043D072 /* interviewTests */ = {
			isa = PBXGroup;
			children = (
				B6ED77071ABDC6CD0043D072 /* interviewTests.m */,
				B6ED77051ABDC6CD0043D072 /* Supporting Files */,
			);
			path = interviewTests;
			sourceTree = "<group>";
		};
		B6ED77051ABDC6CD0043D072 /* Supporting Files */ = {
			isa = PBXGroup;
			children = (
				B6ED77061ABDC6CD0043D072 /* Info.plist */,
			);
			name = "Supporting Files";
			sourceTree = "<group>";
		};
/* End PBXGroup section */

/* Begin PBXNativeTarget section */
		B6ED76E41ABDC6CD0043D072 /* interview */ = {
			isa = PBXNativeTarget;
			buildConfigurationList = B6ED770B1ABDC6CD0043D072 /* Build configuration list for PBXNativeTarget "interview" */;
			buildPhases = (
				B6ED76E11ABDC6CD0043D072 /* Sources */,
				B6ED76E21ABDC6CD0043D072 /* Frameworks */,
				B6ED76E31ABDC6CD0043D072 /* Resources */,
			);
			buildRules = (
			);
			dependencies = (
			);
			name = interview;
			productName = interview;
			productReference = B6ED76E51ABDC6CD0043D072 /* interview.app */;
			productType = "com.apple.product-type.application";
		};
		B6ED77001ABDC6CD0043D072 /* interviewTests */ = {
			isa = PBXNativeTarget;
			buildConfigurationList = B6ED770E1ABDC6CD0043D072 /* Build configuration list for PBXNativeTarget "interviewTests" */;
			buildPhases = (
				B6ED76FD1ABDC6CD0043D072 /* Sources */,
				B6ED76FE1ABDC6CD0043D072 /* Frameworks */,
				B6ED76FF1ABDC6CD0043D072 /* Resources */,
			);
			buildRules = (
			);
			dependencies = (
				B6ED77031ABDC6CD0043D072 /* PBXTargetDependency */,
			);
			name = interviewTests;
			productName = interviewTests;
			productReference = B6ED77011ABDC6CD0043D072 /* interviewTests.xctest */;
			productType = "com.apple.product-type.bundle.unit-test";
		};
/* End PBXNativeTarget section */

/* Begin PBXProject section */
		B6ED76DD1ABDC6CD0043D072 /* Project object */ = {
			isa = PBXProject;
			attributes = {
				LastUpgradeCheck = 0620;
				ORGANIZATIONNAME = CCCBTICC;
				TargetAttributes = {
					B6ED76E41ABDC6CD0043D072 = {
						CreatedOnToolsVersion = 6.2;
					};
					B6ED77001ABDC6CD0043D072 = {
						CreatedOnToolsVersion = 6.2;
						TestTargetID = B6ED76E41ABDC6CD0043D072;
					};
				};
			};
			buildConfigurationList = B6ED76E01ABDC6CD0043D072 /* Build configuration list for PBXProject "interview" */;
			compatibilityVersion = "Xcode 3.2";
			developmentRegion = English;
			hasScannedForEncodings = 0;
			knownRegions = (
				en,
				Base,
			);
			mainGroup = B6ED76DC1ABDC6CD0043D072;
			productRefGroup = B6ED76E61ABDC6CD0043D072 /* Products */;
			projectDirPath = "";
			projectRoot = "";
			targets = (
				B6ED76E41ABDC6CD0043D072 /* interview */,
				B6ED77001ABDC6CD0043D072 /* interviewTests */,
			);
		};
/* End PBXProject section */

/* Begin PBXResourcesBuildPhase section */
		B6ED76E31ABDC6CD0043D072 /* Resources */ = {
			isa = PBXResourcesBuildPhase;
			buildActionMask = 2147483647;
			files = (
				B6ED76F71ABDC6CD0043D072 /* Main.storyboard in Resources */,
				B6BC06701AC214A90004B20E /* home_back.png in Resources */,
				B6BC06901AC247580004B20E /* icon.png in Resources */,
				B6BC066E1AC213770004B20E /* menu_back.png in Resources */,
				B6ED76FC1ABDC6CD0043D072 /* LaunchScreen.xib in Resources */,
				B6ED76F91ABDC6CD0043D072 /* Images.xcassets in Resources */,
			);
			runOnlyForDeploymentPostprocessing = 0;
		};
		B6ED76FF1ABDC6CD0043D072 /* Resources */ = {
			isa = PBXResourcesBuildPhase;
			buildActionMask = 2147483647;
			files = (
			);
			runOnlyForDeploymentPostprocessing = 0;
		};
/* End PBXResourcesBuildPhase section */

/* Begin PBXSourcesBuildPhase section */
		B6ED76E11ABDC6CD0043D072 /* Sources */ = {
			isa = PBXSourcesBuildPhase;
			buildActionMask = 2147483647;
			files = (
				B6BC068C1AC2373D0004B20E /* ITQuestionHolder.m in Sources */,
				B6ED76EE1ABDC6CD0043D072 /* AppDelegate.m in Sources */,
				B6CF6D261ABDD640003182C2 /* ITLeftMenuVC.m in Sources */,
				B6CF6D181ABDD4A4003182C2 /* RECommonFunctions.m in Sources */,
				B6BC06841AC21EB40004B20E /* SBJsonParser.m in Sources */,
				B6BC06831AC21EB40004B20E /* SBJsonBase.m in Sources */,
				B6BC06851AC21EB40004B20E /* SBJsonWriter.m in Sources */,
				B6CF6D231ABDD5CB003182C2 /* ITHomeVC.m in Sources */,
				B6BC06821AC21EB40004B20E /* SBJSON.m in Sources */,
				B6CF6D291ABDD64E003182C2 /* ITRightMenuVC.m in Sources */,
				B6BC06801AC21EB40004B20E /* NSObject+SBJSON.m in Sources */,
				B6ED76EB1ABDC6CD0043D072 /* main.m in Sources */,
				B6CF6D191ABDD4A4003182C2 /* RESideMenu.m in Sources */,
				B6CF6D1A1ABDD4A4003182C2 /* UIViewController+RESideMenu.m in Sources */,
				B6ED76F11ABDC6CD0043D072 /* interview.xcdatamodeld in Sources */,
				B6BC06811AC21EB40004B20E /* NSString+SBJSON.m in Sources */,
				B6CF6D201ABDD50C003182C2 /* ITRootVC.m in Sources */,
			);
			runOnlyForDeploymentPostprocessing = 0;
		};
		B6ED76FD1ABDC6CD0043D072 /* Sources */ = {
			isa = PBXSourcesBuildPhase;
			buildActionMask = 2147483647;
			files = (
				B6ED77081ABDC6CD0043D072 /* interviewTests.m in Sources */,
			);
			runOnlyForDeploymentPostprocessing = 0;
		};
/* End PBXSourcesBuildPhase section */

/* Begin PBXTargetDependency section */
		B6ED77031ABDC6CD0043D072 /* PBXTargetDependency */ = {
			isa = PBXTargetDependency;
			target = B6ED76E41ABDC6CD0043D072 /* interview */;
			targetProxy = B6ED77021ABDC6CD0043D072 /* PBXContainerItemProxy */;
		};
/* End PBXTargetDependency section */

/* Begin PBXVariantGroup section */
		B6ED76F51ABDC6CD0043D072 /* Main.storyboard */ = {
			isa = PBXVariantGroup;
			children = (
				B6ED76F61ABDC6CD0043D072 /* Base */,
			);
			name = Main.storyboard;
			sourceTree = "<group>";
		};
		B6ED76FA1ABDC6CD0043D072 /* LaunchScreen.xib */ = {
			isa = PBXVariantGroup;
			children = (
				B6ED76FB1ABDC6CD0043D072 /* Base */,
			);
			name = LaunchScreen.xib;
			sourceTree = "<group>";
		};
/* End PBXVariantGroup section */

/* Begin XCBuildConfiguration section */
		B6ED77091ABDC6CD0043D072 /* Debug */ = {
			isa = XCBuildConfiguration;
			buildSettings = {
				ALWAYS_SEARCH_USER_PATHS = NO;
				CLANG_CXX_LANGUAGE_STANDARD = "gnu++0x";
				CLANG_CXX_LIBRARY = "libc++";
				CLANG_ENABLE_MODULES = YES;
				CLANG_ENABLE_OBJC_ARC = YES;
				CLANG_WARN_BOOL_CONVERSION = YES;
				CLANG_WARN_CONSTANT_CONVERSION = YES;
				CLANG_WARN_DIRECT_OBJC_ISA_USAGE = YES_ERROR;
				CLANG_WARN_EMPTY_BODY = YES;
				CLANG_WARN_ENUM_CONVERSION = YES;
				CLANG_WARN_INT_CONVERSION = YES;
				CLANG_WARN_OBJC_ROOT_CLASS = YES_ERROR;
				CLANG_WARN_UNREACHABLE_CODE = YES;
				CLANG_WARN__DUPLICATE_METHOD_MATCH = YES;
				"CODE_SIGN_IDENTITY[sdk=iphoneos*]" = "iPhone Developer";
				COPY_PHASE_STRIP = NO;
				ENABLE_STRICT_OBJC_MSGSEND = YES;
				GCC_C_LANGUAGE_STANDARD = gnu99;
				GCC_DYNAMIC_NO_PIC = NO;
				GCC_OPTIMIZATION_LEVEL = 0;
				GCC_PREPROCESSOR_DEFINITIONS = (
					"DEBUG=1",
					"$(inherited)",
				);
				GCC_SYMBOLS_PRIVATE_EXTERN = NO;
				GCC_WARN_64_TO_32_BIT_CONVERSION = YES;
				GCC_WARN_ABOUT_RETURN_TYPE = YES_ERROR;
				GCC_WARN_UNDECLARED_SELECTOR = YES;
				GCC_WARN_UNINITIALIZED_AUTOS = YES_AGGRESSIVE;
				GCC_WARN_UNUSED_FUNCTION = YES;
				GCC_WARN_UNUSED_VARIABLE = YES;
				IPHONEOS_DEPLOYMENT_TARGET = 8.2;
				MTL_ENABLE_DEBUG_INFO = YES;
				ONLY_ACTIVE_ARCH = YES;
				SDKROOT = iphoneos;
			};
			name = Debug;
		};
		B6ED770A1ABDC6CD0043D072 /* Release */ = {
			isa = XCBuildConfiguration;
			buildSettings = {
				ALWAYS_SEARCH_USER_PATHS = NO;
				CLANG_CXX_LANGUAGE_STANDARD = "gnu++0x";
				CLANG_CXX_LIBRARY = "libc++";
				CLANG_ENABLE_MODULES = YES;
				CLANG_ENABLE_OBJC_ARC = YES;
				CLANG_WARN_BOOL_CONVERSION = YES;
				CLANG_WARN_CONSTANT_CONVERSION = YES;
				CLANG_WARN_DIRECT_OBJC_ISA_USAGE = YES_ERROR;
				CLANG_WARN_EMPTY_BODY = YES;
				CLANG_WARN_ENUM_CONVERSION = YES;
				CLANG_WARN_INT_CONVERSION = YES;
				CLANG_WARN_OBJC_ROOT_CLASS = YES_ERROR;
				CLANG_WARN_UNREACHABLE_CODE = YES;
				CLANG_WARN__DUPLICATE_METHOD_MATCH = YES;
				"CODE_SIGN_IDENTITY[sdk=iphoneos*]" = "iPhone Developer";
				COPY_PHASE_STRIP = NO;
				ENABLE_NS_ASSERTIONS = NO;
				ENABLE_STRICT_OBJC_MSGSEND = YES;
				GCC_C_LANGUAGE_STANDARD = gnu99;
				GCC_WARN_64_TO_32_BIT_CONVERSION = YES;
				GCC_WARN_ABOUT_RETURN_TYPE = YES_ERROR;
				GCC_WARN_UNDECLARED_SELECTOR = YES;
				GCC_WARN_UNINITIALIZED_AUTOS = YES_AGGRESSIVE;
				GCC_WARN_UNUSED_FUNCTION = YES;
				GCC_WARN_UNUSED_VARIABLE = YES;
				IPHONEOS_DEPLOYMENT_TARGET = 8.2;
				MTL_ENABLE_DEBUG_INFO = NO;
				SDKROOT = iphoneos;
				VALIDATE_PRODUCT = YES;
			};
			name = Release;
		};
		B6ED770C1ABDC6CD0043D072 /* Debug */ = {
			isa = XCBuildConfiguration;
			buildSettings = {
				ASSETCATALOG_COMPILER_APPICON_NAME = AppIcon;
				GCC_PREFIX_HEADER = interview/PrefixHeader.pch;
				INFOPLIST_FILE = interview/Info.plist;
				LD_RUNPATH_SEARCH_PATHS = "$(inherited) @executable_path/Frameworks";
				PRODUCT_NAME = "$(TARGET_NAME)";
			};
			name = Debug;
		};
		B6ED770D1ABDC6CD0043D072 /* Release */ = {
			isa = XCBuildConfiguration;
			buildSettings = {
				ASSETCATALOG_COMPILER_APPICON_NAME = AppIcon;
				GCC_PREFIX_HEADER = interview/PrefixHeader.pch;
				INFOPLIST_FILE = interview/Info.plist;
				LD_RUNPATH_SEARCH_PATHS = "$(inherited) @executable_path/Frameworks";
				PRODUCT_NAME = "$(TARGET_NAME)";
			};
			name = Release;
		};
		B6ED770F1ABDC6CD0043D072 /* Debug */ = {
			isa = XCBuildConfiguration;
			buildSettings = {
				BUNDLE_LOADER = "$(TEST_HOST)";
				FRAMEWORK_SEARCH_PATHS = (
					"$(SDKROOT)/Developer/Library/Frameworks",
					"$(inherited)",
				);
				GCC_PREPROCESSOR_DEFINITIONS = (
					"DEBUG=1",
					"$(inherited)",
				);
				INFOPLIST_FILE = interviewTests/Info.plist;
				LD_RUNPATH_SEARCH_PATHS = "$(inherited) @executable_path/Frameworks @loader_path/Frameworks";
				PRODUCT_NAME = "$(TARGET_NAME)";
				TEST_HOST = "$(BUILT_PRODUCTS_DIR)/interview.app/interview";
			};
			name = Debug;
		};
		B6ED77101ABDC6CD0043D072 /* Release */ = {
			isa = XCBuildConfiguration;
			buildSettings = {
				BUNDLE_LOADER = "$(TEST_HOST)";
				FRAMEWORK_SEARCH_PATHS = (
					"$(SDKROOT)/Developer/Library/Frameworks",
					"$(inherited)",
				);
				INFOPLIST_FILE = interviewTests/Info.plist;
				LD_RUNPATH_SEARCH_PATHS = "$(inherited) @executable_path/Frameworks @loader_path/Frameworks";
				PRODUCT_NAME = "$(TARGET_NAME)";
				TEST_HOST = "$(BUILT_PRODUCTS_DIR)/interview.app/interview";
			};
			name = Release;
		};
/* End XCBuildConfiguration section */

/* Begin XCConfigurationList section */
		B6ED76E01ABDC6CD0043D072 /* Build configuration list for PBXProject "interview" */ = {
			isa = XCConfigurationList;
			buildConfigurations = (
				B6ED77091ABDC6CD0043D072 /* Debug */,
				B6ED770A1ABDC6CD0043D072 /* Release */,
			);
			defaultConfigurationIsVisible = 0;
			defaultConfigurationName = Release;
		};
		B6ED770B1ABDC6CD0043D072 /* Build configuration list for PBXNativeTarget "interview" */ = {
			isa = XCConfigurationList;
			buildConfigurations = (
				B6ED770C1ABDC6CD0043D072 /* Debug */,
				B6ED770D1ABDC6CD0043D072 /* Release */,
			);
			defaultConfigurationIsVisible = 0;
			defaultConfigurationName = Release;
		};
		B6ED770E1ABDC6CD0043D072 /* Build configuration list for PBXNativeTarget "interviewTests" */ = {
			isa = XCConfigurationList;
			buildConfigurations = (
				B6ED770F1ABDC6CD0043D072 /* Debug */,
				B6ED77101ABDC6CD0043D072 /* Release */,
			);
			defaultConfigurationIsVisible = 0;
			defaultConfigurationName = Release;
		};
/* End XCConfigurationList section */

/* Begin XCVersionGroup section */
		B6ED76EF1ABDC6CD0043D072 /* interview.xcdatamodeld */ = {
			isa = XCVersionGroup;
			children = (
				B6ED76F01ABDC6CD0043D072 /* interview.xcdatamodel */,
			);
			currentVersion = B6ED76F01ABDC6CD0043D072 /* interview.xcdatamodel */;
			path = interview.xcdatamodeld;
			sourceTree = "<group>";
			versionGroupType = wrapper.xcdatamodel;
		};
/* End XCVersionGroup section */
	};
	rootObject = B6ED76DD1ABDC6CD0043D072 /* Project object */;
}
